// !$*UTF8*$!
{
	archiveVersion = 1;
	classes = {
	};
	objectVersion = 46;
	objects = {

/* Begin PBXBuildFile section */
		D0D07C3B1C62885F00E72F2E /* main.m in Sources */ = {isa = PBXBuildFile; fileRef = D0D07C3A1C62885F00E72F2E /* main.m */; };
		D0D07C3E1C62885F00E72F2E /* AppDelegate.m in Sources */ = {isa = PBXBuildFile; fileRef = D0D07C3D1C62885F00E72F2E /* AppDelegate.m */; };
		D0D07C411C62885F00E72F2E /* EveryDoCoreData.xcdatamodeld in Sources */ = {isa = PBXBuildFile; fileRef = D0D07C3F1C62885F00E72F2E /* EveryDoCoreData.xcdatamodeld */; };
		D0D07C441C62885F00E72F2E /* MasterViewController.m in Sources */ = {isa = PBXBuildFile; fileRef = D0D07C431C62885F00E72F2E /* MasterViewController.m */; };
		D0D07C471C62885F00E72F2E /* DetailViewController.m in Sources */ = {isa = PBXBuildFile; fileRef = D0D07C461C62885F00E72F2E /* DetailViewController.m */; };
		D0D07C4A1C62885F00E72F2E /* Main.storyboard in Resources */ = {isa = PBXBuildFile; fileRef = D0D07C481C62885F00E72F2E /* Main.storyboard */; };
		D0D07C4C1C62885F00E72F2E /* Assets.xcassets in Resources */ = {isa = PBXBuildFile; fileRef = D0D07C4B1C62885F00E72F2E /* Assets.xcassets */; };
		D0D07C4F1C62885F00E72F2E /* LaunchScreen.storyboard in Resources */ = {isa = PBXBuildFile; fileRef = D0D07C4D1C62885F00E72F2E /* LaunchScreen.storyboard */; };
		D0D07C5A1C629ACB00E72F2E /* Todo+CoreDataProperties.m in Sources */ = {isa = PBXBuildFile; fileRef = D0D07C571C629ACB00E72F2E /* Todo+CoreDataProperties.m */; };
		D0D07C5B1C629ACB00E72F2E /* Todo.m in Sources */ = {isa = PBXBuildFile; fileRef = D0D07C591C629ACB00E72F2E /* Todo.m */; };
		D0D07C621C62C1BF00E72F2E /* MyTableViewCell.m in Sources */ = {isa = PBXBuildFile; fileRef = D0D07C611C62C1BF00E72F2E /* MyTableViewCell.m */; };
		D0D07C651C62C35A00E72F2E /* AddNewTodoItemViewController.m in Sources */ = {isa = PBXBuildFile; fileRef = D0D07C641C62C35A00E72F2E /* AddNewTodoItemViewController.m */; };
/* End PBXBuildFile section */

/* Begin PBXFileReference section */
		D0D07C361C62885F00E72F2E /* EveryDoCoreData.app */ = {isa = PBXFileReference; explicitFileType = wrapper.application; includeInIndex = 0; path = EveryDoCoreData.app; sourceTree = BUILT_PRODUCTS_DIR; };
		D0D07C3A1C62885F00E72F2E /* main.m */ = {isa = PBXFileReference; lastKnownFileType = sourcecode.c.objc; path = main.m; sourceTree = "<group>"; };
		D0D07C3C1C62885F00E72F2E /* AppDelegate.h */ = {isa = PBXFileReference; lastKnownFileType = sourcecode.c.h; path = AppDelegate.h; sourceTree = "<group>"; };
		D0D07C3D1C62885F00E72F2E /* AppDelegate.m */ = {isa = PBXFileReference; lastKnownFileType = sourcecode.c.objc; path = AppDelegate.m; sourceTree = "<group>"; };
		D0D07C401C62885F00E72F2E /* EveryDoCoreData.xcdatamodel */ = {isa = PBXFileReference; lastKnownFileType = wrapper.xcdatamodel; path = EveryDoCoreData.xcdatamodel; sourceTree = "<group>"; };
		D0D07C421C62885F00E72F2E /* MasterViewController.h */ = {isa = PBXFileReference; lastKnownFileType = sourcecode.c.h; path = MasterViewController.h; sourceTree = "<group>"; };
		D0D07C431C62885F00E72F2E /* MasterViewController.m */ = {isa = PBXFileReference; lastKnownFileType = sourcecode.c.objc; path = MasterViewController.m; sourceTree = "<group>"; };
		D0D07C451C62885F00E72F2E /* DetailViewController.h */ = {isa = PBXFileReference; lastKnownFileType = sourcecode.c.h; path = DetailViewController.h; sourceTree = "<group>"; };
		D0D07C461C62885F00E72F2E /* DetailViewController.m */ = {isa = PBXFileReference; lastKnownFileType = sourcecode.c.objc; path = DetailViewController.m; sourceTree = "<group>"; };
		D0D07C491C62885F00E72F2E /* Base */ = {isa = PBXFileReference; lastKnownFileType = file.storyboard; name = Base; path = Base.lproj/Main.storyboard; sourceTree = "<group>"; };
		D0D07C4B1C62885F00E72F2E /* Assets.xcassets */ = {isa = PBXFileReference; lastKnownFileType = folder.assetcatalog; path = Assets.xcassets; sourceTree = "<group>"; };
		D0D07C4E1C62885F00E72F2E /* Base */ = {isa = PBXFileReference; lastKnownFileType = file.storyboard; name = Base; path = Base.lproj/LaunchScreen.storyboard; sourceTree = "<group>"; };
		D0D07C501C62885F00E72F2E /* Info.plist */ = {isa = PBXFileReference; lastKnownFileType = text.plist.xml; path = Info.plist; sourceTree = "<group>"; };
		D0D07C561C629ACB00E72F2E /* Todo+CoreDataProperties.h */ = {isa = PBXFileReference; fileEncoding = 4; lastKnownFileType = sourcecode.c.h; name = "Todo+CoreDataProperties.h"; path = "Model/Todo+CoreDataProperties.h"; sourceTree = "<group>"; };
		D0D07C571C629ACB00E72F2E /* Todo+CoreDataProperties.m */ = {isa = PBXFileReference; fileEncoding = 4; lastKnownFileType = sourcecode.c.objc; name = "Todo+CoreDataProperties.m"; path = "Model/Todo+CoreDataProperties.m"; sourceTree = "<group>"; };
		D0D07C581C629ACB00E72F2E /* Todo.h */ = {isa = PBXFileReference; fileEncoding = 4; lastKnownFileType = sourcecode.c.h; name = Todo.h; path = Model/Todo.h; sourceTree = "<group>"; };
		D0D07C591C629ACB00E72F2E /* Todo.m */ = {isa = PBXFileReference; fileEncoding = 4; lastKnownFileType = sourcecode.c.objc; name = Todo.m; path = Model/Todo.m; sourceTree = "<group>"; };
		D0D07C601C62C1BF00E72F2E /* MyTableViewCell.h */ = {isa = PBXFileReference; fileEncoding = 4; lastKnownFileType = sourcecode.c.h; name = MyTableViewCell.h; path = Model/MyTableViewCell.h; sourceTree = "<group>"; };
		D0D07C611C62C1BF00E72F2E /* MyTableViewCell.m */ = {isa = PBXFileReference; fileEncoding = 4; lastKnownFileType = sourcecode.c.objc; name = MyTableViewCell.m; path = Model/MyTableViewCell.m; sourceTree = "<group>"; };
		D0D07C631C62C35A00E72F2E /* AddNewTodoItemViewController.h */ = {isa = PBXFileReference; fileEncoding = 4; lastKnownFileType = sourcecode.c.h; path = AddNewTodoItemViewController.h; sourceTree = "<group>"; };
		D0D07C641C62C35A00E72F2E /* AddNewTodoItemViewController.m */ = {isa = PBXFileReference; fileEncoding = 4; lastKnownFileType = sourcecode.c.objc; path = AddNewTodoItemViewController.m; sourceTree = "<group>"; };
/* End PBXFileReference section */

/* Begin PBXFrameworksBuildPhase section */
		D0D07C331C62885F00E72F2E /* Frameworks */ = {
			isa = PBXFrameworksBuildPhase;
			buildActionMask = 2147483647;
			files = (
			);
			runOnlyForDeploymentPostprocessing = 0;
		};
/* End PBXFrameworksBuildPhase section */

/* Begin PBXGroup section */
		D0D07C2D1C62885F00E72F2E = {
			isa = PBXGroup;
			children = (
				D0D07C5C1C629ADE00E72F2E /* Model */,
				D0D07C381C62885F00E72F2E /* EveryDoCoreData */,
				D0D07C371C62885F00E72F2E /* Products */,
			);
			sourceTree = "<group>";
		};
		D0D07C371C62885F00E72F2E /* Products */ = {
			isa = PBXGroup;
			children = (
				D0D07C361C62885F00E72F2E /* EveryDoCoreData.app */,
			);
			name = Products;
			sourceTree = "<group>";
		};
		D0D07C381C62885F00E72F2E /* EveryDoCoreData */ = {
			isa = PBXGroup;
			children = (
				D0D07C3C1C62885F00E72F2E /* AppDelegate.h */,
				D0D07C3D1C62885F00E72F2E /* AppDelegate.m */,
				D0D07C421C62885F00E72F2E /* MasterViewController.h */,
				D0D07C431C62885F00E72F2E /* MasterViewController.m */,
				D0D07C451C62885F00E72F2E /* DetailViewController.h */,
				D0D07C461C62885F00E72F2E /* DetailViewController.m */,
				D0D07C631C62C35A00E72F2E /* AddNewTodoItemViewController.h */,
				D0D07C641C62C35A00E72F2E /* AddNewTodoItemViewController.m */,
				D0D07C481C62885F00E72F2E /* Main.storyboard */,
				D0D07C4B1C62885F00E72F2E /* Assets.xcassets */,
				D0D07C4D1C62885F00E72F2E /* LaunchScreen.storyboard */,
				D0D07C501C62885F00E72F2E /* Info.plist */,
				D0D07C3F1C62885F00E72F2E /* EveryDoCoreData.xcdatamodeld */,
				D0D07C391C62885F00E72F2E /* Supporting Files */,
			);
			path = EveryDoCoreData;
			sourceTree = "<group>";
		};
		D0D07C391C62885F00E72F2E /* Supporting Files */ = {
			isa = PBXGroup;
			children = (
				D0D07C3A1C62885F00E72F2E /* main.m */,
			);
			name = "Supporting Files";
			sourceTree = "<group>";
		};
		D0D07C5C1C629ADE00E72F2E /* Model */ = {
			isa = PBXGroup;
			children = (
				D0D07C601C62C1BF00E72F2E /* MyTableViewCell.h */,
				D0D07C611C62C1BF00E72F2E /* MyTableViewCell.m */,
				D0D07C561C629ACB00E72F2E /* Todo+CoreDataProperties.h */,
				D0D07C571C629ACB00E72F2E /* Todo+CoreDataProperties.m */,
				D0D07C581C629ACB00E72F2E /* Todo.h */,
				D0D07C591C629ACB00E72F2E /* Todo.m */,
			);
			name = Model;
			sourceTree = "<group>";
		};
/* End PBXGroup section */

/* Begin PBXNativeTarget section */
		D0D07C351C62885F00E72F2E /* EveryDoCoreData */ = {
			isa = PBXNativeTarget;
			buildConfigurationList = D0D07C531C62885F00E72F2E /* Build configuration list for PBXNativeTarget "EveryDoCoreData" */;
			buildPhases = (
				D0D07C321C62885F00E72F2E /* Sources */,
				D0D07C331C62885F00E72F2E /* Frameworks */,
				D0D07C341C62885F00E72F2E /* Resources */,
			);
			buildRules = (
			);
			dependencies = (
			);
			name = EveryDoCoreData;
			productName = EveryDoCoreData;
			productReference = D0D07C361C62885F00E72F2E /* EveryDoCoreData.app */;
			productType = "com.apple.product-type.application";
		};
/* End PBXNativeTarget section */

/* Begin PBXProject section */
		D0D07C2E1C62885F00E72F2E /* Project object */ = {
			isa = PBXProject;
			attributes = {
				LastUpgradeCheck = 0720;
				ORGANIZATIONNAME = "Thiago Heitling";
				TargetAttributes = {
					D0D07C351C62885F00E72F2E = {
						CreatedOnToolsVersion = 7.2;
					};
				};
			};
			buildConfigurationList = D0D07C311C62885F00E72F2E /* Build configuration list for PBXProject "EveryDoCoreData" */;
			compatibilityVersion = "Xcode 3.2";
			developmentRegion = English;
			hasScannedForEncodings = 0;
			knownRegions = (
				en,
				Base,
			);
			mainGroup = D0D07C2D1C62885F00E72F2E;
			productRefGroup = D0D07C371C62885F00E72F2E /* Products */;
			projectDirPath = "";
			projectRoot = "";
			targets = (
				D0D07C351C62885F00E72F2E /* EveryDoCoreData */,
			);
		};
/* End PBXProject section */

/* Begin PBXResourcesBuildPhase section */
		D0D07C341C62885F00E72F2E /* Resources */ = {
			isa = PBXResourcesBuildPhase;
			buildActionMask = 2147483647;
			files = (
				D0D07C4F1C62885F00E72F2E /* LaunchScreen.storyboard in Resources */,
				D0D07C4C1C62885F00E72F2E /* Assets.xcassets in Resources */,
				D0D07C4A1C62885F00E72F2E /* Main.storyboard in Resources */,
			);
			runOnlyForDeploymentPostprocessing = 0;
		};
/* End PBXResourcesBuildPhase section */

/* Begin PBXSourcesBuildPhase section */
		D0D07C321C62885F00E72F2E /* Sources */ = {
			isa = PBXSourcesBuildPhase;
			buildActionMask = 2147483647;
			files = (
				D0D07C471C62885F00E72F2E /* DetailViewController.m in Sources */,
				D0D07C5A1C629ACB00E72F2E /* Todo+CoreDataProperties.m in Sources */,
				D0D07C441C62885F00E72F2E /* MasterViewController.m in Sources */,
				D0D07C3E1C62885F00E72F2E /* AppDelegate.m in Sources */,
				D0D07C3B1C62885F00E72F2E /* main.m in Sources */,
				D0D07C621C62C1BF00E72F2E /* MyTableViewCell.m in Sources */,
				D0D07C411C62885F00E72F2E /* EveryDoCoreData.xcdatamodeld in Sources */,
				D0D07C5B1C629ACB00E72F2E /* Todo.m in Sources */,
				D0D07C651C62C35A00E72F2E /* AddNewTodoItemViewController.m in Sources */,
			);
			runOnlyForDeploymentPostprocessing = 0;
		};
/* End PBXSourcesBuildPhase section */

/* Begin PBXVariantGroup section */
		D0D07C481C62885F00E72F2E /* Main.storyboard */ = {
			isa = PBXVariantGroup;
			children = (
				D0D07C491C62885F00E72F2E /* Base */,
			);
			name = Main.storyboard;
			sourceTree = "<group>";
		};
		D0D07C4D1C62885F00E72F2E /* LaunchScreen.storyboard */ = {
			isa = PBXVariantGroup;
			children = (
				D0D07C4E1C62885F00E72F2E /* Base */,
			);
			name = LaunchScreen.storyboard;
			sourceTree = "<group>";
		};
/* End PBXVariantGroup section */

/* Begin XCBuildConfiguration section */
		D0D07C511C62885F00E72F2E /* Debug */ = {
			isa = XCBuildConfiguration;
			buildSettings = {
				ALWAYS_SEARCH_USER_PATHS = NO;
				CLANG_CXX_LANGUAGE_STANDARD = "gnu++0x";
				CLANG_CXX_LIBRARY = "libc++";
				CLANG_ENABLE_MODULES = YES;
				CLANG_ENABLE_OBJC_ARC = YES;
				CLANG_WARN_BOOL_CONVERSION = YES;
				CLANG_WARN_CONSTANT_CONVERSION = YES;
				CLANG_WARN_DIRECT_OBJC_ISA_USAGE = YES_ERROR;
				CLANG_WARN_EMPTY_BODY = YES;
				CLANG_WARN_ENUM_CONVERSION = YES;
				CLANG_WARN_INT_CONVERSION = YES;
				CLANG_WARN_OBJC_ROOT_CLASS = YES_ERROR;
				CLANG_WARN_UNREACHABLE_CODE = YES;
				CLANG_WARN__DUPLICATE_METHOD_MATCH = YES;
				"CODE_SIGN_IDENTITY[sdk=iphoneos*]" = "iPhone Developer";
				COPY_PHASE_STRIP = NO;
				DEBUG_INFORMATION_FORMAT = dwarf;
				ENABLE_STRICT_OBJC_MSGSEND = YES;
				ENABLE_TESTABILITY = YES;
				GCC_C_LANGUAGE_STANDARD = gnu99;
				GCC_DYNAMIC_NO_PIC = NO;
				GCC_NO_COMMON_BLOCKS = YES;
				GCC_OPTIMIZATION_LEVEL = 0;
				GCC_PREPROCESSOR_DEFINITIONS = (
					"DEBUG=1",
					"$(inherited)",
				);
				GCC_WARN_64_TO_32_BIT_CONVERSION = YES;
				GCC_WARN_ABOUT_RETURN_TYPE = YES_ERROR;
				GCC_WARN_UNDECLARED_SELECTOR = YES;
				GCC_WARN_UNINITIALIZED_AUTOS = YES_AGGRESSIVE;
				GCC_WARN_UNUSED_FUNCTION = YES;
				GCC_WARN_UNUSED_VARIABLE = YES;
				IPHONEOS_DEPLOYMENT_TARGET = 9.2;
				MTL_ENABLE_DEBUG_INFO = YES;
				ONLY_ACTIVE_ARCH = YES;
				SDKROOT = iphoneos;
			};
			name = Debug;
		};
		D0D07C521C62885F00E72F2E /* Release */ = {
			isa = XCBuildConfiguration;
			buildSettings = {
				ALWAYS_SEARCH_USER_PATHS = NO;
				CLANG_CXX_LANGUAGE_STANDARD = "gnu++0x";
				CLANG_CXX_LIBRARY = "libc++";
				CLANG_ENABLE_MODULES = YES;
				CLANG_ENABLE_OBJC_ARC = YES;
				CLANG_WARN_BOOL_CONVERSION = YES;
				CLANG_WARN_CONSTANT_CONVERSION = YES;
				CLANG_WARN_DIRECT_OBJC_ISA_USAGE = YES_ERROR;
				CLANG_WARN_EMPTY_BODY = YES;
				CLANG_WARN_ENUM_CONVERSION = YES;
				CLANG_WARN_INT_CONVERSION = YES;
				CLANG_WARN_OBJC_ROOT_CLASS = YES_ERROR;
				CLANG_WARN_UNREACHABLE_CODE = YES;
				CLANG_WARN__DUPLICATE_METHOD_MATCH = YES;
				"CODE_SIGN_IDENTITY[sdk=iphoneos*]" = "iPhone Developer";
				COPY_PHASE_STRIP = NO;
				DEBUG_INFORMATION_FORMAT = "dwarf-with-dsym";
				ENABLE_NS_ASSERTIONS = NO;
				ENABLE_STRICT_OBJC_MSGSEND = YES;
				GCC_C_LANGUAGE_STANDARD = gnu99;
				GCC_NO_COMMON_BLOCKS = YES;
				GCC_WARN_64_TO_32_BIT_CONVERSION = YES;
				GCC_WARN_ABOUT_RETURN_TYPE = YES_ERROR;
				GCC_WARN_UNDECLARED_SELECTOR = YES;
				GCC_WARN_UNINITIALIZED_AUTOS = YES_AGGRESSIVE;
				GCC_WARN_UNUSED_FUNCTION = YES;
				GCC_WARN_UNUSED_VARIABLE = YES;
				IPHONEOS_DEPLOYMENT_TARGET = 9.2;
				MTL_ENABLE_DEBUG_INFO = NO;
				SDKROOT = iphoneos;
				VALIDATE_PRODUCT = YES;
			};
			name = Release;
		};
		D0D07C541C62885F00E72F2E /* Debug */ = {
			isa = XCBuildConfiguration;
			buildSettings = {
				ASSETCATALOG_COMPILER_APPICON_NAME = AppIcon;
				INFOPLIST_FILE = EveryDoCoreData/Info.plist;
				LD_RUNPATH_SEARCH_PATHS = "$(inherited) @executable_path/Frameworks";
				PRODUCT_BUNDLE_IDENTIFIER = com.thiagoheitling.EveryDoCoreData;
				PRODUCT_NAME = "$(TARGET_NAME)";
			};
			name = Debug;
		};
		D0D07C551C62885F00E72F2E /* Release */ = {
			isa = XCBuildConfiguration;
			buildSettings = {
				ASSETCATALOG_COMPILER_APPICON_NAME = AppIcon;
				INFOPLIST_FILE = EveryDoCoreData/Info.plist;
				LD_RUNPATH_SEARCH_PATHS = "$(inherited) @executable_path/Frameworks";
				PRODUCT_BUNDLE_IDENTIFIER = com.thiagoheitling.EveryDoCoreData;
				PRODUCT_NAME = "$(TARGET_NAME)";
			};
			name = Release;
		};
/* End XCBuildConfiguration section */

/* Begin XCConfigurationList section */
		D0D07C311C62885F00E72F2E /* Build configuration list for PBXProject "EveryDoCoreData" */ = {
			isa = XCConfigurationList;
			buildConfigurations = (
				D0D07C511C62885F00E72F2E /* Debug */,
				D0D07C521C62885F00E72F2E /* Release */,
			);
			defaultConfigurationIsVisible = 0;
			defaultConfigurationName = Release;
		};
		D0D07C531C62885F00E72F2E /* Build configuration list for PBXNativeTarget "EveryDoCoreData" */ = {
			isa = XCConfigurationList;
			buildConfigurations = (
				D0D07C541C62885F00E72F2E /* Debug */,
				D0D07C551C62885F00E72F2E /* Release */,
			);
			defaultConfigurationIsVisible = 0;
			defaultConfigurationName = Release;
		};
/* End XCConfigurationList section */

/* Begin XCVersionGroup section */
		D0D07C3F1C62885F00E72F2E /* EveryDoCoreData.xcdatamodeld */ = {
			isa = XCVersionGroup;
			children = (
				D0D07C401C62885F00E72F2E /* EveryDoCoreData.xcdatamodel */,
			);
			currentVersion = D0D07C401C62885F00E72F2E /* EveryDoCoreData.xcdatamodel */;
			path = EveryDoCoreData.xcdatamodeld;
			sourceTree = "<group>";
			versionGroupType = wrapper.xcdatamodel;
		};
/* End XCVersionGroup section */
	};
	rootObject = D0D07C2E1C62885F00E72F2E /* Project object */;
}
